
Microsoft Visual Studio Solution File, Format Version 12.00
# Visual Studio Version 17
VisualStudioVersion = 17.11.35327.3
MinimumVisualStudioVersion = 10.0.40219.1
Project("{FAE04EC0-301F-11D3-BF4B-00C04F79EFBC}") = "Ex024", "Ex024.csproj", "{D962FB18-F0FD-434B-AE6C-A1C0AAD5AFCB}"
EndProject
Global
	GlobalSection(SolutionConfigurationPlatforms) = preSolution
		Debug|Any CPU = Debug|Any CPU
		Release|Any CPU = Release|Any CPU
	EndGlobalSection
	GlobalSection(ProjectConfigurationPlatforms) = postSolution
		{D962FB18-F0FD-434B-AE6C-A1C0AAD5AFCB}.Debug|Any CPU.ActiveCfg = Debug|Any CPU
		{D962FB18-F0FD-434B-AE6C-A1C0AAD5AFCB}.Debug|Any CPU.Build.0 = Debug|Any CPU
		{D962FB18-F0FD-434B-AE6C-A1C0AAD5AFCB}.Release|Any CPU.ActiveCfg = Release|Any CPU
		{D962FB18-F0FD-434B-AE6C-A1C0AAD5AFCB}.Release|Any CPU.Build.0 = Release|Any CPU
	EndGlobalSection
	GlobalSection(SolutionProperties) = preSolution
		HideSolutionNode = FALSE
	EndGlobalSection
	GlobalSection(ExtensibilityGlobals) = postSolution
		SolutionGuid = {912DD8D8-6A03-4916-8561-6B9DF57B4214}
	EndGlobalSection
EndGlobal
