
Microsoft Visual Studio Solution File, Format Version 12.00
# Visual Studio Version 17
VisualStudioVersion = 17.11.35327.3
MinimumVisualStudioVersion = 10.0.40219.1
Project("{FAE04EC0-301F-11D3-BF4B-00C04F79EFBC}") = "Ex014", "Ex014.csproj", "{4CCCD731-F793-48BD-A917-22785BD10F85}"
EndProject
Global
	GlobalSection(SolutionConfigurationPlatforms) = preSolution
		Debug|Any CPU = Debug|Any CPU
		Release|Any CPU = Release|Any CPU
	EndGlobalSection
	GlobalSection(ProjectConfigurationPlatforms) = postSolution
		{4CCCD731-F793-48BD-A917-22785BD10F85}.Debug|Any CPU.ActiveCfg = Debug|Any CPU
		{4CCCD731-F793-48BD-A917-22785BD10F85}.Debug|Any CPU.Build.0 = Debug|Any CPU
		{4CCCD731-F793-48BD-A917-22785BD10F85}.Release|Any CPU.ActiveCfg = Release|Any CPU
		{4CCCD731-F793-48BD-A917-22785BD10F85}.Release|Any CPU.Build.0 = Release|Any CPU
	EndGlobalSection
	GlobalSection(SolutionProperties) = preSolution
		HideSolutionNode = FALSE
	EndGlobalSection
	GlobalSection(ExtensibilityGlobals) = postSolution
		SolutionGuid = {A84E1CAB-E323-4A6F-8A92-43B7A729688B}
	EndGlobalSection
EndGlobal
