
Microsoft Visual Studio Solution File, Format Version 12.00
# Visual Studio Version 17
VisualStudioVersion = 17.11.35327.3
MinimumVisualStudioVersion = 10.0.40219.1
Project("{FAE04EC0-301F-11D3-BF4B-00C04F79EFBC}") = "Ex009", "Ex009.csproj", "{38FF5364-B413-47BA-9582-8087CE7001D8}"
EndProject
Global
	GlobalSection(SolutionConfigurationPlatforms) = preSolution
		Debug|Any CPU = Debug|Any CPU
		Release|Any CPU = Release|Any CPU
	EndGlobalSection
	GlobalSection(ProjectConfigurationPlatforms) = postSolution
		{38FF5364-B413-47BA-9582-8087CE7001D8}.Debug|Any CPU.ActiveCfg = Debug|Any CPU
		{38FF5364-B413-47BA-9582-8087CE7001D8}.Debug|Any CPU.Build.0 = Debug|Any CPU
		{38FF5364-B413-47BA-9582-8087CE7001D8}.Release|Any CPU.ActiveCfg = Release|Any CPU
		{38FF5364-B413-47BA-9582-8087CE7001D8}.Release|Any CPU.Build.0 = Release|Any CPU
	EndGlobalSection
	GlobalSection(SolutionProperties) = preSolution
		HideSolutionNode = FALSE
	EndGlobalSection
	GlobalSection(ExtensibilityGlobals) = postSolution
		SolutionGuid = {EE8A6FB9-8C46-436E-95F7-AF5664547D58}
	EndGlobalSection
EndGlobal
