
Microsoft Visual Studio Solution File, Format Version 12.00
# Visual Studio Version 17
VisualStudioVersion = 17.11.35327.3
MinimumVisualStudioVersion = 10.0.40219.1
Project("{FAE04EC0-301F-11D3-BF4B-00C04F79EFBC}") = "Ex016", "Ex016.csproj", "{907F7139-05F1-4E09-9EA2-FF1D4FB99530}"
EndProject
Global
	GlobalSection(SolutionConfigurationPlatforms) = preSolution
		Debug|Any CPU = Debug|Any CPU
		Release|Any CPU = Release|Any CPU
	EndGlobalSection
	GlobalSection(ProjectConfigurationPlatforms) = postSolution
		{907F7139-05F1-4E09-9EA2-FF1D4FB99530}.Debug|Any CPU.ActiveCfg = Debug|Any CPU
		{907F7139-05F1-4E09-9EA2-FF1D4FB99530}.Debug|Any CPU.Build.0 = Debug|Any CPU
		{907F7139-05F1-4E09-9EA2-FF1D4FB99530}.Release|Any CPU.ActiveCfg = Release|Any CPU
		{907F7139-05F1-4E09-9EA2-FF1D4FB99530}.Release|Any CPU.Build.0 = Release|Any CPU
	EndGlobalSection
	GlobalSection(SolutionProperties) = preSolution
		HideSolutionNode = FALSE
	EndGlobalSection
	GlobalSection(ExtensibilityGlobals) = postSolution
		SolutionGuid = {CBC23FDE-C85A-4C1C-A6C5-32559C075BED}
	EndGlobalSection
EndGlobal
